<?xml version="1.0" encoding="UTF-8" standalone="yes" ?>
<CodeBlocks_project_file>
	<FileVersion major="1" minor="6" />
	<Project>
		<Option title="pe_gots_worker" />
		<Option pch_mode="2" />
		<Option compiler="gcc" />
		<Build>
			<Target title="Debug">
				<Option output="bin/Debug/pe_gots_worker" prefix_auto="1" extension_auto="1" />
				<Option object_output="obj/Debug/" />
				<Option type="1" />
				<Option compiler="gcc" />
				<Compiler>
					<Add option="-g" />
				</Compiler>
			</Target>
			<Target title="Release">
				<Option output="bin/Release/pe_gots_worker" prefix_auto="1" extension_auto="1" />
				<Option object_output="obj/Release/" />
				<Option type="1" />
				<Option compiler="gcc" />
				<Compiler>
					<Add option="-O2" />
				</Compiler>
				<Linker>
					<Add option="-s" />
				</Linker>
			</Target>
		</Build>
		<Compiler>
			<Add option="-Wall" />
			<Add option="-fexceptions" />
			<Add directory="../../../pe_tilecompute" />
			<Add directory="../../v8include" />
			<Add directory="../../../../sharedcodes/GeographicLib/include" />
			<Add directory="../../../../sharedcodes/zonalstat" />
		</Compiler>
		<Linker>
			<Add option="-lv8_monolith" />
			<Add option="-lpthread" />
			<Add option="-fPIC" />
			<Add library="../../v8lib/libv8_monolith.a" />
			<Add directory="../../v8lib" />
		</Linker>
		<Unit filename="../../../../sharedcodes/GeographicLib/include/GeographicLib/Accumulator.hpp" />
		<Unit filename="../../../../sharedcodes/GeographicLib/include/GeographicLib/AlbersEqualArea.hpp" />
		<Unit filename="../../../../sharedcodes/GeographicLib/include/GeographicLib/AzimuthalEquidistant.hpp" />
		<Unit filename="../../../../sharedcodes/GeographicLib/include/GeographicLib/CassiniSoldner.hpp" />
		<Unit filename="../../../../sharedcodes/GeographicLib/include/GeographicLib/CircularEngine.hpp" />
		<Unit filename="../../../../sharedcodes/GeographicLib/include/GeographicLib/Config.h" />
		<Unit filename="../../../../sharedcodes/GeographicLib/include/GeographicLib/Constants.hpp" />
		<Unit filename="../../../../sharedcodes/GeographicLib/include/GeographicLib/DMS.hpp" />
		<Unit filename="../../../../sharedcodes/GeographicLib/include/GeographicLib/Ellipsoid.hpp" />
		<Unit filename="../../../../sharedcodes/GeographicLib/include/GeographicLib/EllipticFunction.hpp" />
		<Unit filename="../../../../sharedcodes/GeographicLib/include/GeographicLib/GARS.hpp" />
		<Unit filename="../../../../sharedcodes/GeographicLib/include/GeographicLib/GeoCoords.hpp" />
		<Unit filename="../../../../sharedcodes/GeographicLib/include/GeographicLib/Geocentric.hpp" />
		<Unit filename="../../../../sharedcodes/GeographicLib/include/GeographicLib/Geodesic.hpp" />
		<Unit filename="../../../../sharedcodes/GeographicLib/include/GeographicLib/GeodesicExact.hpp" />
		<Unit filename="../../../../sharedcodes/GeographicLib/include/GeographicLib/GeodesicLine.hpp" />
		<Unit filename="../../../../sharedcodes/GeographicLib/include/GeographicLib/GeodesicLineExact.hpp" />
		<Unit filename="../../../../sharedcodes/GeographicLib/include/GeographicLib/Geohash.hpp" />
		<Unit filename="../../../../sharedcodes/GeographicLib/include/GeographicLib/Geoid.hpp" />
		<Unit filename="../../../../sharedcodes/GeographicLib/include/GeographicLib/Georef.hpp" />
		<Unit filename="../../../../sharedcodes/GeographicLib/include/GeographicLib/Gnomonic.hpp" />
		<Unit filename="../../../../sharedcodes/GeographicLib/include/GeographicLib/GravityCircle.hpp" />
		<Unit filename="../../../../sharedcodes/GeographicLib/include/GeographicLib/GravityModel.hpp" />
		<Unit filename="../../../../sharedcodes/GeographicLib/include/GeographicLib/LambertConformalConic.hpp" />
		<Unit filename="../../../../sharedcodes/GeographicLib/include/GeographicLib/LocalCartesian.hpp" />
		<Unit filename="../../../../sharedcodes/GeographicLib/include/GeographicLib/MGRS.hpp" />
		<Unit filename="../../../../sharedcodes/GeographicLib/include/GeographicLib/MagneticCircle.hpp" />
		<Unit filename="../../../../sharedcodes/GeographicLib/include/GeographicLib/MagneticModel.hpp" />
		<Unit filename="../../../../sharedcodes/GeographicLib/include/GeographicLib/Math.hpp" />
		<Unit filename="../../../../sharedcodes/GeographicLib/include/GeographicLib/NearestNeighbor.hpp" />
		<Unit filename="../../../../sharedcodes/GeographicLib/include/GeographicLib/NormalGravity.hpp" />
		<Unit filename="../../../../sharedcodes/GeographicLib/include/GeographicLib/OSGB.hpp" />
		<Unit filename="../../../../sharedcodes/GeographicLib/include/GeographicLib/PolarStereographic.hpp" />
		<Unit filename="../../../../sharedcodes/GeographicLib/include/GeographicLib/PolygonArea.hpp" />
		<Unit filename="../../../../sharedcodes/GeographicLib/include/GeographicLib/Rhumb.hpp" />
		<Unit filename="../../../../sharedcodes/GeographicLib/include/GeographicLib/SphericalEngine.hpp" />
		<Unit filename="../../../../sharedcodes/GeographicLib/include/GeographicLib/SphericalHarmonic.hpp" />
		<Unit filename="../../../../sharedcodes/GeographicLib/include/GeographicLib/SphericalHarmonic1.hpp" />
		<Unit filename="../../../../sharedcodes/GeographicLib/include/GeographicLib/SphericalHarmonic2.hpp" />
		<Unit filename="../../../../sharedcodes/GeographicLib/include/GeographicLib/TransverseMercator.hpp" />
		<Unit filename="../../../../sharedcodes/GeographicLib/include/GeographicLib/TransverseMercatorExact.hpp" />
		<Unit filename="../../../../sharedcodes/GeographicLib/include/GeographicLib/UTMUPS.hpp" />
		<Unit filename="../../../../sharedcodes/GeographicLib/include/GeographicLib/Utility.hpp" />
		<Unit filename="../../../../sharedcodes/GeographicLib/src/Accumulator.cpp" />
		<Unit filename="../../../../sharedcodes/GeographicLib/src/AlbersEqualArea.cpp" />
		<Unit filename="../../../../sharedcodes/GeographicLib/src/AzimuthalEquidistant.cpp" />
		<Unit filename="../../../../sharedcodes/GeographicLib/src/CassiniSoldner.cpp" />
		<Unit filename="../../../../sharedcodes/GeographicLib/src/CircularEngine.cpp" />
		<Unit filename="../../../../sharedcodes/GeographicLib/src/DMS.cpp" />
		<Unit filename="../../../../sharedcodes/GeographicLib/src/Ellipsoid.cpp" />
		<Unit filename="../../../../sharedcodes/GeographicLib/src/EllipticFunction.cpp" />
		<Unit filename="../../../../sharedcodes/GeographicLib/src/GARS.cpp" />
		<Unit filename="../../../../sharedcodes/GeographicLib/src/GeoCoords.cpp" />
		<Unit filename="../../../../sharedcodes/GeographicLib/src/Geocentric.cpp" />
		<Unit filename="../../../../sharedcodes/GeographicLib/src/Geodesic.cpp" />
		<Unit filename="../../../../sharedcodes/GeographicLib/src/GeodesicExact.cpp" />
		<Unit filename="../../../../sharedcodes/GeographicLib/src/GeodesicExactC4.cpp" />
		<Unit filename="../../../../sharedcodes/GeographicLib/src/GeodesicLine.cpp" />
		<Unit filename="../../../../sharedcodes/GeographicLib/src/GeodesicLineExact.cpp" />
		<Unit filename="../../../../sharedcodes/GeographicLib/src/Geohash.cpp" />
		<Unit filename="../../../../sharedcodes/GeographicLib/src/Geoid.cpp" />
		<Unit filename="../../../../sharedcodes/GeographicLib/src/Georef.cpp" />
		<Unit filename="../../../../sharedcodes/GeographicLib/src/Gnomonic.cpp" />
		<Unit filename="../../../../sharedcodes/GeographicLib/src/GravityCircle.cpp" />
		<Unit filename="../../../../sharedcodes/GeographicLib/src/GravityModel.cpp" />
		<Unit filename="../../../../sharedcodes/GeographicLib/src/LambertConformalConic.cpp" />
		<Unit filename="../../../../sharedcodes/GeographicLib/src/LocalCartesian.cpp" />
		<Unit filename="../../../../sharedcodes/GeographicLib/src/MGRS.cpp" />
		<Unit filename="../../../../sharedcodes/GeographicLib/src/MagneticCircle.cpp" />
		<Unit filename="../../../../sharedcodes/GeographicLib/src/MagneticModel.cpp" />
		<Unit filename="../../../../sharedcodes/GeographicLib/src/Math.cpp" />
		<Unit filename="../../../../sharedcodes/GeographicLib/src/NormalGravity.cpp" />
		<Unit filename="../../../../sharedcodes/GeographicLib/src/OSGB.cpp" />
		<Unit filename="../../../../sharedcodes/GeographicLib/src/PolarStereographic.cpp" />
		<Unit filename="../../../../sharedcodes/GeographicLib/src/PolygonArea.cpp" />
		<Unit filename="../../../../sharedcodes/GeographicLib/src/Rhumb.cpp" />
		<Unit filename="../../../../sharedcodes/GeographicLib/src/SphericalEngine.cpp" />
		<Unit filename="../../../../sharedcodes/GeographicLib/src/TransverseMercator.cpp" />
		<Unit filename="../../../../sharedcodes/GeographicLib/src/TransverseMercatorExact.cpp" />
		<Unit filename="../../../../sharedcodes/GeographicLib/src/UTMUPS.cpp" />
		<Unit filename="../../../../sharedcodes/GeographicLib/src/Utility.cpp" />
		<Unit filename="../../../../sharedcodes/zonalstat/whsegline.h" />
		<Unit filename="../../../../sharedcodes/zonalstat/whsegtlvobject.cpp" />
		<Unit filename="../../../../sharedcodes/zonalstat/whsegtlvobject.h" />
		<Unit filename="../../../../sharedcodes/zonalstat/wlevelhseg.h" />
		<Unit filename="../../OfflineTask.cpp" />
		<Unit filename="../../OfflineTask.h" />
		<Unit filename="../../PeProductInfo.cpp" />
		<Unit filename="../../PeProductInfo.h" />
		<Unit filename="../../PeScript.cpp" />
		<Unit filename="../../PeScript.h" />
		<Unit filename="../../PeStyle.cpp" />
		<Unit filename="../../PeStyle.h" />
		<Unit filename="../../PeTileData.cpp" />
		<Unit filename="../../PeTileData.h" />
		<Unit filename="../../PixelEngine.cpp" />
		<Unit filename="../../PixelEngine.h" />
		<Unit filename="../../ajson5.h" />
		<Unit filename="../../cpp-project.txt" />
		<Unit filename="../../datetimecollection.cpp" />
		<Unit filename="../../datetimecollection.h" />
		<Unit filename="../../debugpixelenginehelperinterface.cpp" />
		<Unit filename="../../debugpixelenginehelperinterface.h" />
		<Unit filename="../../esprima.cpp" />
		<Unit filename="../../esprima.h" />
		<Unit filename="../../esprimacpptool.h" />
		<Unit filename="../../lodepng.cpp" />
		<Unit filename="../../lodepng.h" />
		<Unit filename="../../offtaskworkerresult.cpp" />
		<Unit filename="../../offtaskworkerresult.h" />
		<Unit filename="../../pemultipolygon.cpp" />
		<Unit filename="../../pemultipolygon.h" />
		<Unit filename="../../peroi.cpp" />
		<Unit filename="../../peroi.h" />
		<Unit filename="../../template_methods.cpp" />
		<Unit filename="../../template_methods.h" />
		<Unit filename="../../v8include/libplatform/libplatform-export.h" />
		<Unit filename="../../v8include/libplatform/libplatform.h" />
		<Unit filename="../../v8include/libplatform/v8-tracing.h" />
		<Unit filename="../../v8include/v8-fast-api-calls.h" />
		<Unit filename="../../v8include/v8-inspector-protocol.h" />
		<Unit filename="../../v8include/v8-inspector.h" />
		<Unit filename="../../v8include/v8-internal.h" />
		<Unit filename="../../v8include/v8-platform.h" />
		<Unit filename="../../v8include/v8-profiler.h" />
		<Unit filename="../../v8include/v8-util.h" />
		<Unit filename="../../v8include/v8-value-serializer-version.h" />
		<Unit filename="../../v8include/v8-version-string.h" />
		<Unit filename="../../v8include/v8-version.h" />
		<Unit filename="../../v8include/v8-wasm-trap-handler-posix.h" />
		<Unit filename="../../v8include/v8-wasm-trap-handler-win.h" />
		<Unit filename="../../v8include/v8.h" />
		<Unit filename="../../v8include/v8config.h" />
		<Unit filename="../../wAST.cpp" />
		<Unit filename="../../wAST.h" />
		<Unit filename="../../wDatasetDatetime.cpp" />
		<Unit filename="../../wDatasetDatetime.h" />
		<Unit filename="../../wTextfilereader.cpp" />
		<Unit filename="../../wTextfilereader.h" />
		<Unit filename="../../wcomputelonlatarea.cpp" />
		<Unit filename="../../wcomputelonlatarea.h" />
		<Unit filename="../../wdatetimeUtil.h" />
		<Unit filename="../../wdirtools.h" />
		<Unit filename="../../wjsontool.cpp" />
		<Unit filename="../../wjsontool.h" />
		<Unit filename="../../wmysql.h" />
		<Unit filename="../../wstatisticdata.h" />
		<Unit filename="../../wstringutil.cpp" />
		<Unit filename="../../wstringutil.h" />
		<Unit filename="../../wstringutils.cpp" />
		<Unit filename="../../wstringutils.h" />
		<Unit filename="main.cpp" />
		<Extensions>
			<code_completion />
			<debugger />
		</Extensions>
	</Project>
</CodeBlocks_project_file>
